
Microsoft Visual Studio Solution File, Format Version 12.00
# Visual Studio Version 17
VisualStudioVersion = 17.8.34309.116
MinimumVisualStudioVersion = 10.0.40219.1
Project("{FAE04EC0-301F-11D3-BF4B-00C04F79EFBC}") = "NathanAudioPlayer", "NathanAudioPlayer\NathanAudioPlayer.csproj", "{2CFF374C-053A-4606-A7A5-162F321088C7}"
EndProject
Global
	GlobalSection(SolutionConfigurationPlatforms) = preSolution
		Debug|Any CPU = Debug|Any CPU
		Release|Any CPU = Release|Any CPU
	EndGlobalSection
	GlobalSection(ProjectConfigurationPlatforms) = postSolution
		{2CFF374C-053A-4606-A7A5-162F321088C7}.Debug|Any CPU.ActiveCfg = Debug|Any CPU
		{2CFF374C-053A-4606-A7A5-162F321088C7}.Debug|Any CPU.Build.0 = Debug|Any CPU
		{2CFF374C-053A-4606-A7A5-162F321088C7}.Release|Any CPU.ActiveCfg = Release|Any CPU
		{2CFF374C-053A-4606-A7A5-162F321088C7}.Release|Any CPU.Build.0 = Release|Any CPU
	EndGlobalSection
	GlobalSection(SolutionProperties) = preSolution
		HideSolutionNode = FALSE
	EndGlobalSection
	GlobalSection(ExtensibilityGlobals) = postSolution
		SolutionGuid = {E07B9327-BBCE-4110-B938-861B71008A8A}
	EndGlobalSection
EndGlobal
